
Microsoft Visual Studio Solution File, Format Version 12.00
# Visual Studio Version 16
VisualStudioVersion = 16.0.29215.179
MinimumVisualStudioVersion = 10.0.40219.1
Project("{9A19103F-16F7-4668-BE54-9A1E7A4F7556}") = "Demo.Api", "Demo.Api\Demo.Api.csproj", "{83883A98-A544-445A-A72D-A35098BEB1EF}"
EndProject
Project("{FAE04EC0-301F-11D3-BF4B-00C04F79EFBC}") = "Demo.Ui", "Demo.Ui\Demo.Ui\Demo.Ui.csproj", "{53BAA440-2227-4A94-A1DE-C9C6D0876293}"
EndProject
Global
	GlobalSection(SolutionConfigurationPlatforms) = preSolution
		Debug|Any CPU = Debug|Any CPU
		Release|Any CPU = Release|Any CPU
	EndGlobalSection
	GlobalSection(ProjectConfigurationPlatforms) = postSolution
		{83883A98-A544-445A-A72D-A35098BEB1EF}.Debug|Any CPU.ActiveCfg = Debug|Any CPU
		{83883A98-A544-445A-A72D-A35098BEB1EF}.Debug|Any CPU.Build.0 = Debug|Any CPU
		{83883A98-A544-445A-A72D-A35098BEB1EF}.Release|Any CPU.ActiveCfg = Release|Any CPU
		{83883A98-A544-445A-A72D-A35098BEB1EF}.Release|Any CPU.Build.0 = Release|Any CPU
		{53BAA440-2227-4A94-A1DE-C9C6D0876293}.Debug|Any CPU.ActiveCfg = Debug|Any CPU
		{53BAA440-2227-4A94-A1DE-C9C6D0876293}.Debug|Any CPU.Build.0 = Debug|Any CPU
		{53BAA440-2227-4A94-A1DE-C9C6D0876293}.Release|Any CPU.ActiveCfg = Release|Any CPU
		{53BAA440-2227-4A94-A1DE-C9C6D0876293}.Release|Any CPU.Build.0 = Release|Any CPU
	EndGlobalSection
	GlobalSection(SolutionProperties) = preSolution
		HideSolutionNode = FALSE
	EndGlobalSection
	GlobalSection(ExtensibilityGlobals) = postSolution
		SolutionGuid = {18B394DB-3C4C-4E68-A39E-F8BE02AB98B5}
	EndGlobalSection
EndGlobal
